
Microsoft Visual Studio Solution File, Format Version 12.00
# Visual Studio Version 17
VisualStudioVersion = 17.1.32228.430
MinimumVisualStudioVersion = 10.0.40219.1
Project("{FAE04EC0-301F-11D3-BF4B-00C04F79EFBC}") = "Hospital", "Hospital\Hospital.csproj", "{C4D0ABCC-6CA0-421C-9DC4-67DF880EEC25}"
EndProject
Global
	GlobalSection(SolutionConfigurationPlatforms) = preSolution
		Debug|Any CPU = Debug|Any CPU
		Release|Any CPU = Release|Any CPU
	EndGlobalSection
	GlobalSection(ProjectConfigurationPlatforms) = postSolution
		{C4D0ABCC-6CA0-421C-9DC4-67DF880EEC25}.Debug|Any CPU.ActiveCfg = Debug|Any CPU
		{C4D0ABCC-6CA0-421C-9DC4-67DF880EEC25}.Debug|Any CPU.Build.0 = Debug|Any CPU
		{C4D0ABCC-6CA0-421C-9DC4-67DF880EEC25}.Release|Any CPU.ActiveCfg = Release|Any CPU
		{C4D0ABCC-6CA0-421C-9DC4-67DF880EEC25}.Release|Any CPU.Build.0 = Release|Any CPU
	EndGlobalSection
	GlobalSection(SolutionProperties) = preSolution
		HideSolutionNode = FALSE
	EndGlobalSection
	GlobalSection(ExtensibilityGlobals) = postSolution
		SolutionGuid = {C9EA0F19-679A-4FC3-A977-8F594CE73014}
	EndGlobalSection
EndGlobal
